version = 1
revision = 3
requires-python = ">=3.14"

[[package]]
name = "aiohappyeyeballs"
version = "2.3.4"
source = { registry = "https://pypi.org/simple" }
sdist = { url = "https://files.pythonhosted.org/packages/3c/c1/52b8ecc87576f8b06fd5132e3ab8550209c958fb450e6d185b15835da82c/aiohappyeyeballs-2.3.4.tar.gz", hash = "sha256:7e1ae8399c320a8adec76f6c919ed5ceae6edd4c3672f4d9eae2b27e37c80ff6", size = 16278, upload-time = "2024-07-31T18:13:26.85Z" }
wheels = [
    { url = "https://files.pythonhosted.org/packages/93/fd/a19345071360a94345ebecaa268d6c6f56900687d91ef775fe2496a76100/aiohappyeyeballs-2.3.4-py3-none-any.whl", hash = "sha256:40a16ceffcf1fc9e142fd488123b2e218abc4188cf12ac20c67200e1579baa42", size = 12001, upload-time = "2024-07-31T18:13:25.413Z" },
]

[[package]]
name = "aiohttp"
version = "3.10.1"
source = { registry = "https://pypi.org/simple" }
dependencies = [
    { name = "aiohappyeyeballs" },
    { name = "aiosignal" },
    { name = "attrs" },
    { name = "frozenlist" },
    { name = "multidict" },
    { name = "yarl" },
]
sdist = { url = "https://files.pythonhosted.org/packages/f7/e1/bfcafd54dee859b2e6e690c5f8a8a30343d590a8822bb0669afba4c2c9e6/aiohttp-3.10.1.tar.gz", hash = "sha256:8b0d058e4e425d3b45e8ec70d49b402f4d6b21041e674798b1f91ba027c73f28", size = 7517572, upload-time = "2024-08-04T22:37:47.517Z" }

[[package]]
name = "aiosignal"
version = "1.3.1"
source = { registry = "https://pypi.org/simple" }
dependencies = [
    { name = "frozenlist" },
]
sdist = { url = "https://files.pythonhosted.org/packages/ae/67/0952ed97a9793b4958e5736f6d2b346b414a2cd63e82d05940032f45b32f/aiosignal-1.3.1.tar.gz", hash = "sha256:54cd96e15e1649b75d6c87526a6ff0b6c1b0dd3459f43d9ca11d48c339b68cfc", size = 19422, upload-time = "2022-11-08T16:03:58.806Z" }
wheels = [
    { url = "https://files.pythonhosted.org/packages/76/ac/a7305707cb852b7e16ff80eaf5692309bde30e2b1100a1fcacdc8f731d97/aiosignal-1.3.1-py3-none-any.whl", hash = "sha256:f8376fb07dd1e86a584e4fcdec80b36b7f81aac666ebc724e2c090300dd83b17", size = 7617, upload-time = "2022-11-08T16:03:57.483Z" },
]

[[package]]
name = "attrs"
version = "24.1.0"
source = { registry = "https://pypi.org/simple" }
sdist = { url = "https://files.pythonhosted.org/packages/39/31/ca3e2de55503d8ad75985865629f69a2c376a44428c5df1450b749d30751/attrs-24.1.0.tar.gz", hash = "sha256:adbdec84af72d38be7628e353a09b6a6790d15cd71819f6e9d7b0faa8a125745", size = 792572, upload-time = "2024-08-03T14:30:20.623Z" }
wheels = [
    { url = "https://files.pythonhosted.org/packages/9b/2b/913eda7a67f7bea7496c1a8e1666f48aa9f15520da79368e4ec1109e2690/attrs-24.1.0-py3-none-any.whl", hash = "sha256:377b47448cb61fea38533f671fba0d0f8a96fd58facd4dc518e3dac9dbea0905", size = 63880, upload-time = "2024-08-03T14:30:18.451Z" },
]

[[package]]
name = "beautifulsoup4"
version = "4.12.3"
source = { registry = "https://pypi.org/simple" }
dependencies = [
    { name = "soupsieve" },
]
sdist = { url = "https://files.pythonhosted.org/packages/b3/ca/824b1195773ce6166d388573fc106ce56d4a805bd7427b624e063596ec58/beautifulsoup4-4.12.3.tar.gz", hash = "sha256:74e3d1928edc070d21748185c46e3fb33490f22f52a3addee9aee0f4f7781051", size = 581181, upload-time = "2024-01-17T16:53:17.902Z" }
wheels = [
    { url = "https://files.pythonhosted.org/packages/b1/fe/e8c672695b37eecc5cbf43e1d0638d88d66ba3a44c4d321c796f4e59167f/beautifulsoup4-4.12.3-py3-none-any.whl", hash = "sha256:b80878c9f40111313e55da8ba20bdba06d8fa3969fc68304167741bbf9e082ed", size = 147925, upload-time = "2024-01-17T16:53:12.779Z" },
]

[[package]]
name = "bs4"
version = "0.0.2"
source = { registry = "https://pypi.org/simple" }
dependencies = [
    { name = "beautifulsoup4" },
]
sdist = { url = "https://files.pythonhosted.org/packages/c9/aa/4acaf814ff901145da37332e05bb510452ebed97bc9602695059dd46ef39/bs4-0.0.2.tar.gz", hash = "sha256:a48685c58f50fe127722417bae83fe6badf500d54b55f7e39ffe43b798653925", size = 698, upload-time = "2024-01-17T18:15:47.371Z" }
wheels = [
    { url = "https://files.pythonhosted.org/packages/51/bb/bf7aab772a159614954d84aa832c129624ba6c32faa559dfb200a534e50b/bs4-0.0.2-py2.py3-none-any.whl", hash = "sha256:abf8742c0805ef7f662dce4b51cca104cffe52b835238afc169142ab9b3fbccc", size = 1189, upload-time = "2024-01-17T18:15:48.613Z" },
]

[[package]]
name = "certifi"
version = "2024.8.30"
source = { registry = "https://pypi.org/simple" }
sdist = { url = "https://files.pythonhosted.org/packages/b0/ee/9b19140fe824b367c04c5e1b369942dd754c4c5462d5674002f75c4dedc1/certifi-2024.8.30.tar.gz", hash = "sha256:bec941d2aa8195e248a60b31ff9f0558284cf01a52591ceda73ea9afffd69fd9", size = 168507, upload-time = "2024-08-30T01:55:04.365Z" }
wheels = [
    { url = "https://files.pythonhosted.org/packages/12/90/3c9ff0512038035f59d279fddeb79f5f1eccd8859f06d6163c58798b9487/certifi-2024.8.30-py3-none-any.whl", hash = "sha256:922820b53db7a7257ffbda3f597266d435245903d80737e34f8a45ff3e3230d8", size = 167321, upload-time = "2024-08-30T01:55:02.591Z" },
]

[[package]]
name = "charset-normalizer"
version = "3.3.2"
source = { registry = "https://pypi.org/simple" }
sdist = { url = "https://files.pythonhosted.org/packages/63/09/c1bc53dab74b1816a00d8d030de5bf98f724c52c1635e07681d312f20be8/charset-normalizer-3.3.2.tar.gz", hash = "sha256:f30c3cb33b24454a82faecaf01b19c18562b1e89558fb6c56de4d9118a032fd5", size = 104809, upload-time = "2023-11-01T04:04:59.997Z" }
wheels = [
    { url = "https://files.pythonhosted.org/packages/28/76/e6222113b83e3622caa4bb41032d0b1bf785250607392e1b778aca0b8a7d/charset_normalizer-3.3.2-py3-none-any.whl", hash = "sha256:3e4d1f6587322d2788836a99c69062fbb091331ec940e02d12d179c1d53e25fc", size = 48543, upload-time = "2023-11-01T04:04:58.622Z" },
]

[[package]]
name = "discord-py"
version = "2.4.0"
source = { registry = "https://pypi.org/simple" }
dependencies = [
    { name = "aiohttp" },
]
sdist = { url = "https://files.pythonhosted.org/packages/39/af/80cab4015722d3bee175509b7249a11d5adf77b5ff4c27f268558079d149/discord_py-2.4.0.tar.gz", hash = "sha256:d07cb2a223a185873a1d0ee78b9faa9597e45b3f6186df21a95cec1e9bcdc9a5", size = 1027707, upload-time = "2024-06-22T01:20:22.474Z" }
wheels = [
    { url = "https://files.pythonhosted.org/packages/23/10/3c44e9331a5ec3bae8b2919d51f611a5b94e179563b1b89eb6423a8f43eb/discord.py-2.4.0-py3-none-any.whl", hash = "sha256:b8af6711c70f7e62160bfbecb55be699b5cb69d007426759ab8ab06b1bd77d1d", size = 1125988, upload-time = "2024-06-22T01:20:19.764Z" },
]

[[package]]
name = "frozenlist"
version = "1.4.1"
source = { registry = "https://pypi.org/simple" }
sdist = { url = "https://files.pythonhosted.org/packages/cf/3d/2102257e7acad73efc4a0c306ad3953f68c504c16982bbdfee3ad75d8085/frozenlist-1.4.1.tar.gz", hash = "sha256:c037a86e8513059a2613aaba4d817bb90b9d9b6b69aace3ce9c877e8c8ed402b", size = 37820, upload-time = "2023-12-15T08:42:23.355Z" }
wheels = [
    { url = "https://files.pythonhosted.org/packages/83/10/466fe96dae1bff622021ee687f68e5524d6392b0a2f80d05001cd3a451ba/frozenlist-1.4.1-py3-none-any.whl", hash = "sha256:04ced3e6a46b4cfffe20f9ae482818e34eba9b5fb0ce4056e4cc9b6e212d09b7", size = 11552, upload-time = "2023-12-15T08:42:22.294Z" },
]

[[package]]
name = "idna"
version = "3.7"
source = { registry = "https://pypi.org/simple" }
sdist = { url = "https://files.pythonhosted.org/packages/21/ed/f86a79a07470cb07819390452f178b3bef1d375f2ec021ecfc709fc7cf07/idna-3.7.tar.gz", hash = "sha256:028ff3aadf0609c1fd278d8ea3089299412a7a8b9bd005dd08b9f8285bcb5cfc", size = 189575, upload-time = "2024-04-11T03:34:43.276Z" }
wheels = [
    { url = "https://files.pythonhosted.org/packages/e5/3e/741d8c82801c347547f8a2a06aa57dbb1992be9e948df2ea0eda2c8b79e8/idna-3.7-py3-none-any.whl", hash = "sha256:82fee1fc78add43492d3a1898bfa6d8a904cc97d8427f683ed8e798d07761aa0", size = 66836, upload-time = "2024-04-11T03:34:41.447Z" },
]

[[package]]
name = "maychen-mail"
version = "0.1.0"
source = { virtual = "." }
dependencies = [
    { name = "aiohappyeyeballs" },
    { name = "aiohttp" },
    { name = "aiosignal" },
    { name = "attrs" },
    { name = "beautifulsoup4" },
    { name = "bs4" },
    { name = "certifi" },
    { name = "charset-normalizer" },
    { name = "discord-py" },
    { name = "frozenlist" },
    { name = "idna" },
    { name = "multidict" },
    { name = "python-dotenv" },
    { name = "requests" },
    { name = "soupsieve" },
    { name = "urllib3" },
    { name = "yarl" },
]

[package.metadata]
requires-dist = [
    { name = "aiohappyeyeballs", specifier = "==2.3.4" },
    { name = "aiohttp", specifier = "==3.10.1" },
    { name = "aiosignal", specifier = "==1.3.1" },
    { name = "attrs", specifier = "==24.1.0" },
    { name = "beautifulsoup4", specifier = "==4.12.3" },
    { name = "bs4", specifier = "==0.0.2" },
    { name = "certifi", specifier = "==2024.8.30" },
    { name = "charset-normalizer", specifier = "==3.3.2" },
    { name = "discord-py", specifier = "==2.4.0" },
    { name = "frozenlist", specifier = "==1.4.1" },
    { name = "idna", specifier = "==3.7" },
    { name = "multidict", specifier = "==6.0.5" },
    { name = "python-dotenv", specifier = "==1.0.1" },
    { name = "requests", specifier = "==2.32.3" },
    { name = "soupsieve", specifier = "==2.6" },
    { name = "urllib3", specifier = "==2.2.2" },
    { name = "yarl", specifier = "==1.9.4" },
]

[[package]]
name = "multidict"
version = "6.0.5"
source = { registry = "https://pypi.org/simple" }
sdist = { url = "https://files.pythonhosted.org/packages/f9/79/722ca999a3a09a63b35aac12ec27dfa8e5bb3a38b0f857f7a1a209a88836/multidict-6.0.5.tar.gz", hash = "sha256:f7e301075edaf50500f0b341543c41194d8df3ae5caf4702f2095f3ca73dd8da", size = 59867, upload-time = "2024-02-01T20:46:01.455Z" }
wheels = [
    { url = "https://files.pythonhosted.org/packages/fa/a2/17e1e23c6be0a916219c5292f509360c345b5fa6beeb50d743203c27532c/multidict-6.0.5-py3-none-any.whl", hash = "sha256:0d63c74e3d7ab26de115c49bffc92cc77ed23395303d496eae515d4204a625e7", size = 9729, upload-time = "2024-02-01T20:45:59.309Z" },
]

[[package]]
name = "python-dotenv"
version = "1.0.1"
source = { registry = "https://pypi.org/simple" }
sdist = { url = "https://files.pythonhosted.org/packages/bc/57/e84d88dfe0aec03b7a2d4327012c1627ab5f03652216c63d49846d7a6c58/python-dotenv-1.0.1.tar.gz", hash = "sha256:e324ee90a023d808f1959c46bcbc04446a10ced277783dc6ee09987c37ec10ca", size = 39115, upload-time = "2024-01-23T06:33:00.505Z" }
wheels = [
    { url = "https://files.pythonhosted.org/packages/6a/3e/b68c118422ec867fa7ab88444e1274aa40681c606d59ac27de5a5588f082/python_dotenv-1.0.1-py3-none-any.whl", hash = "sha256:f7b63ef50f1b690dddf550d03497b66d609393b40b564ed0d674909a68ebf16a", size = 19863, upload-time = "2024-01-23T06:32:58.246Z" },
]

[[package]]
name = "requests"
version = "2.32.3"
source = { registry = "https://pypi.org/simple" }
dependencies = [
    { name = "certifi" },
    { name = "charset-normalizer" },
    { name = "idna" },
    { name = "urllib3" },
]
sdist = { url = "https://files.pythonhosted.org/packages/63/70/2bf7780ad2d390a8d301ad0b550f1581eadbd9a20f896afe06353c2a2913/requests-2.32.3.tar.gz", hash = "sha256:55365417734eb18255590a9ff9eb97e9e1da868d4ccd6402399eaf68af20a760", size = 131218, upload-time = "2024-05-29T15:37:49.536Z" }
wheels = [
    { url = "https://files.pythonhosted.org/packages/f9/9b/335f9764261e915ed497fcdeb11df5dfd6f7bf257d4a6a2a686d80da4d54/requests-2.32.3-py3-none-any.whl", hash = "sha256:70761cfe03c773ceb22aa2f671b4757976145175cdfca038c02654d061d6dcc6", size = 64928, upload-time = "2024-05-29T15:37:47.027Z" },
]

[[package]]
name = "soupsieve"
version = "2.6"
source = { registry = "https://pypi.org/simple" }
sdist = { url = "https://files.pythonhosted.org/packages/d7/ce/fbaeed4f9fb8b2daa961f90591662df6a86c1abf25c548329a86920aedfb/soupsieve-2.6.tar.gz", hash = "sha256:e2e68417777af359ec65daac1057404a3c8a5455bb8abc36f1a9866ab1a51abb", size = 101569, upload-time = "2024-08-13T13:39:12.166Z" }
wheels = [
    { url = "https://files.pythonhosted.org/packages/d1/c2/fe97d779f3ef3b15f05c94a2f1e3d21732574ed441687474db9d342a7315/soupsieve-2.6-py3-none-any.whl", hash = "sha256:e72c4ff06e4fb6e4b5a9f0f55fe6e81514581fca1515028625d0f299c602ccc9", size = 36186, upload-time = "2024-08-13T13:39:10.986Z" },
]

[[package]]
name = "urllib3"
version = "2.2.2"
source = { registry = "https://pypi.org/simple" }
sdist = { url = "https://files.pythonhosted.org/packages/43/6d/fa469ae21497ddc8bc93e5877702dca7cb8f911e337aca7452b5724f1bb6/urllib3-2.2.2.tar.gz", hash = "sha256:dd505485549a7a552833da5e6063639d0d177c04f23bc3864e41e5dc5f612168", size = 292266, upload-time = "2024-06-17T13:40:11.401Z" }
wheels = [
    { url = "https://files.pythonhosted.org/packages/ca/1c/89ffc63a9605b583d5df2be791a27bc1a42b7c32bab68d3c8f2f73a98cd4/urllib3-2.2.2-py3-none-any.whl", hash = "sha256:a448b2f64d686155468037e1ace9f2d2199776e17f0a46610480d311f73e3472", size = 121444, upload-time = "2024-06-17T13:40:07.795Z" },
]

[[package]]
name = "yarl"
version = "1.9.4"
source = { registry = "https://pypi.org/simple" }
dependencies = [
    { name = "idna" },
    { name = "multidict" },
]
sdist = { url = "https://files.pythonhosted.org/packages/e0/ad/bedcdccbcbf91363fd425a948994f3340924145c2bc8ccb296f4a1e52c28/yarl-1.9.4.tar.gz", hash = "sha256:566db86717cf8080b99b58b083b773a908ae40f06681e87e589a976faf8246bf", size = 141869, upload-time = "2023-12-06T12:53:04.652Z" }
wheels = [
    { url = "https://files.pythonhosted.org/packages/4d/05/4d79198ae568a92159de0f89e710a8d19e3fa267b719a236582eee921f4a/yarl-1.9.4-py3-none-any.whl", hash = "sha256:928cecb0ef9d5a7946eb6ff58417ad2fe9375762382f1bf5c55e61645f2c43ad", size = 31638, upload-time = "2023-12-06T12:53:02.709Z" },
]
